{
  "name": "leonardosya_thefirst",
  "version": "1.0.1",
  "lockfileVersion": 3,
  "requires": true,
  "packages": {
    "": {
      "name": "leonardosya_thefirst",
      "version": "1.0.1",
      "license": "ISC",
      "dependencies": {
        "leonardosya_thefirst": "^1.0.1"
      }
    },
    "node_modules/leonardosya_thefirst": {
      "version": "1.0.1",
      "resolved": "https://registry.npmjs.org/leonardosya_thefirst/-/leonardosya_thefirst-1.0.1.tgz",
      "integrity": "sha512-AWfl/BJ8MxKdEncC9BiTrwcpYHwrECqto+dbE65Ct7FSVB1y4GtTbDt+jWu8s9ufrPqbS8ytnortJqorFgofjQ==",
      "dependencies": {
        "leonardosya_thefirst": "^1.0.0"
      }
    }
  }
}
